{
  "lockfileVersion": 1,
  "workspaces": {
    "": {
      "name": "yuri-resume",
      "dependencies": {
        "@jsonresume/core": "^0.1.0",
        "@types/marked": "^6.0.0",
        "js-yaml": "^4.1.0",
        "marked": "^17.0.1",
        "react": "^18.3.1",
        "react-dom": "^18.3.1",
        "styled-components": "^6.1.19",
      },
      "devDependencies": {
        "@types/js-yaml": "^4.0.9",
        "@types/node": "^25.0.10",
        "playwright": "^1.57.0",
        "tsx": "^4.21.0",
      },
    },
  },
  "packages": {
    "@emotion/is-prop-valid": ["@emotion/is-prop-valid@1.4.0", "", { "dependencies": { "@emotion/memoize": "^0.9.0" } }, "sha512-QgD4fyscGcbbKwJmqNvUMSE02OsHUa+lAWKdEUIJKgqe5IwRSKd7+KhibEWdaKwgjLj0DRSHA9biAIqGBk05lw=="],

    "@emotion/memoize": ["@emotion/memoize@0.9.0", "", {}, "sha512-30FAj7/EoJ5mwVPOWhAyCX+FPfMDrVecJAM+Iw9NRoSl4BBAQeqj4cApHHUXOVvIPgLVDsCFoz/hGD+5QQD1GQ=="],

    "@emotion/unitless": ["@emotion/unitless@0.10.0", "", {}, "sha512-dFoMUuQA20zvtVTuxZww6OHoJYgrzfKM1t52mVySDJnMSEa08ruEvdYQbhvyu6soU+NeLVd3yKfTfT0NeV6qGg=="],

    "@esbuild/aix-ppc64": ["@esbuild/aix-ppc64@0.27.2", "", { "os": "aix", "cpu": "ppc64" }, "sha512-GZMB+a0mOMZs4MpDbj8RJp4cw+w1WV5NYD6xzgvzUJ5Ek2jerwfO2eADyI6ExDSUED+1X8aMbegahsJi+8mgpw=="],

    "@esbuild/android-arm": ["@esbuild/android-arm@0.27.2", "", { "os": "android", "cpu": "arm" }, "sha512-DVNI8jlPa7Ujbr1yjU2PfUSRtAUZPG9I1RwW4F4xFB1Imiu2on0ADiI/c3td+KmDtVKNbi+nffGDQMfcIMkwIA=="],

    "@esbuild/android-arm64": ["@esbuild/android-arm64@0.27.2", "", { "os": "android", "cpu": "arm64" }, "sha512-pvz8ZZ7ot/RBphf8fv60ljmaoydPU12VuXHImtAs0XhLLw+EXBi2BLe3OYSBslR4rryHvweW5gmkKFwTiFy6KA=="],

    "@esbuild/android-x64": ["@esbuild/android-x64@0.27.2", "", { "os": "android", "cpu": "x64" }, "sha512-z8Ank4Byh4TJJOh4wpz8g2vDy75zFL0TlZlkUkEwYXuPSgX8yzep596n6mT7905kA9uHZsf/o2OJZubl2l3M7A=="],

    "@esbuild/darwin-arm64": ["@esbuild/darwin-arm64@0.27.2", "", { "os": "darwin", "cpu": "arm64" }, "sha512-davCD2Zc80nzDVRwXTcQP/28fiJbcOwvdolL0sOiOsbwBa72kegmVU0Wrh1MYrbuCL98Omp5dVhQFWRKR2ZAlg=="],

    "@esbuild/darwin-x64": ["@esbuild/darwin-x64@0.27.2", "", { "os": "darwin", "cpu": "x64" }, "sha512-ZxtijOmlQCBWGwbVmwOF/UCzuGIbUkqB1faQRf5akQmxRJ1ujusWsb3CVfk/9iZKr2L5SMU5wPBi1UWbvL+VQA=="],

    "@esbuild/freebsd-arm64": ["@esbuild/freebsd-arm64@0.27.2", "", { "os": "freebsd", "cpu": "arm64" }, "sha512-lS/9CN+rgqQ9czogxlMcBMGd+l8Q3Nj1MFQwBZJyoEKI50XGxwuzznYdwcav6lpOGv5BqaZXqvBSiB/kJ5op+g=="],

    "@esbuild/freebsd-x64": ["@esbuild/freebsd-x64@0.27.2", "", { "os": "freebsd", "cpu": "x64" }, "sha512-tAfqtNYb4YgPnJlEFu4c212HYjQWSO/w/h/lQaBK7RbwGIkBOuNKQI9tqWzx7Wtp7bTPaGC6MJvWI608P3wXYA=="],

    "@esbuild/linux-arm": ["@esbuild/linux-arm@0.27.2", "", { "os": "linux", "cpu": "arm" }, "sha512-vWfq4GaIMP9AIe4yj1ZUW18RDhx6EPQKjwe7n8BbIecFtCQG4CfHGaHuh7fdfq+y3LIA2vGS/o9ZBGVxIDi9hw=="],

    "@esbuild/linux-arm64": ["@esbuild/linux-arm64@0.27.2", "", { "os": "linux", "cpu": "arm64" }, "sha512-hYxN8pr66NsCCiRFkHUAsxylNOcAQaxSSkHMMjcpx0si13t1LHFphxJZUiGwojB1a/Hd5OiPIqDdXONia6bhTw=="],

    "@esbuild/linux-ia32": ["@esbuild/linux-ia32@0.27.2", "", { "os": "linux", "cpu": "ia32" }, "sha512-MJt5BRRSScPDwG2hLelYhAAKh9imjHK5+NE/tvnRLbIqUWa+0E9N4WNMjmp/kXXPHZGqPLxggwVhz7QP8CTR8w=="],

    "@esbuild/linux-loong64": ["@esbuild/linux-loong64@0.27.2", "", { "os": "linux", "cpu": "none" }, "sha512-lugyF1atnAT463aO6KPshVCJK5NgRnU4yb3FUumyVz+cGvZbontBgzeGFO1nF+dPueHD367a2ZXe1NtUkAjOtg=="],

    "@esbuild/linux-mips64el": ["@esbuild/linux-mips64el@0.27.2", "", { "os": "linux", "cpu": "none" }, "sha512-nlP2I6ArEBewvJ2gjrrkESEZkB5mIoaTswuqNFRv/WYd+ATtUpe9Y09RnJvgvdag7he0OWgEZWhviS1OTOKixw=="],

    "@esbuild/linux-ppc64": ["@esbuild/linux-ppc64@0.27.2", "", { "os": "linux", "cpu": "ppc64" }, "sha512-C92gnpey7tUQONqg1n6dKVbx3vphKtTHJaNG2Ok9lGwbZil6DrfyecMsp9CrmXGQJmZ7iiVXvvZH6Ml5hL6XdQ=="],

    "@esbuild/linux-riscv64": ["@esbuild/linux-riscv64@0.27.2", "", { "os": "linux", "cpu": "none" }, "sha512-B5BOmojNtUyN8AXlK0QJyvjEZkWwy/FKvakkTDCziX95AowLZKR6aCDhG7LeF7uMCXEJqwa8Bejz5LTPYm8AvA=="],

    "@esbuild/linux-s390x": ["@esbuild/linux-s390x@0.27.2", "", { "os": "linux", "cpu": "s390x" }, "sha512-p4bm9+wsPwup5Z8f4EpfN63qNagQ47Ua2znaqGH6bqLlmJ4bx97Y9JdqxgGZ6Y8xVTixUnEkoKSHcpRlDnNr5w=="],

    "@esbuild/linux-x64": ["@esbuild/linux-x64@0.27.2", "", { "os": "linux", "cpu": "x64" }, "sha512-uwp2Tip5aPmH+NRUwTcfLb+W32WXjpFejTIOWZFw/v7/KnpCDKG66u4DLcurQpiYTiYwQ9B7KOeMJvLCu/OvbA=="],

    "@esbuild/netbsd-arm64": ["@esbuild/netbsd-arm64@0.27.2", "", { "os": "none", "cpu": "arm64" }, "sha512-Kj6DiBlwXrPsCRDeRvGAUb/LNrBASrfqAIok+xB0LxK8CHqxZ037viF13ugfsIpePH93mX7xfJp97cyDuTZ3cw=="],

    "@esbuild/netbsd-x64": ["@esbuild/netbsd-x64@0.27.2", "", { "os": "none", "cpu": "x64" }, "sha512-HwGDZ0VLVBY3Y+Nw0JexZy9o/nUAWq9MlV7cahpaXKW6TOzfVno3y3/M8Ga8u8Yr7GldLOov27xiCnqRZf0tCA=="],

    "@esbuild/openbsd-arm64": ["@esbuild/openbsd-arm64@0.27.2", "", { "os": "openbsd", "cpu": "arm64" }, "sha512-DNIHH2BPQ5551A7oSHD0CKbwIA/Ox7+78/AWkbS5QoRzaqlev2uFayfSxq68EkonB+IKjiuxBFoV8ESJy8bOHA=="],

    "@esbuild/openbsd-x64": ["@esbuild/openbsd-x64@0.27.2", "", { "os": "openbsd", "cpu": "x64" }, "sha512-/it7w9Nb7+0KFIzjalNJVR5bOzA9Vay+yIPLVHfIQYG/j+j9VTH84aNB8ExGKPU4AzfaEvN9/V4HV+F+vo8OEg=="],

    "@esbuild/openharmony-arm64": ["@esbuild/openharmony-arm64@0.27.2", "", { "os": "none", "cpu": "arm64" }, "sha512-LRBbCmiU51IXfeXk59csuX/aSaToeG7w48nMwA6049Y4J4+VbWALAuXcs+qcD04rHDuSCSRKdmY63sruDS5qag=="],

    "@esbuild/sunos-x64": ["@esbuild/sunos-x64@0.27.2", "", { "os": "sunos", "cpu": "x64" }, "sha512-kMtx1yqJHTmqaqHPAzKCAkDaKsffmXkPHThSfRwZGyuqyIeBvf08KSsYXl+abf5HDAPMJIPnbBfXvP2ZC2TfHg=="],

    "@esbuild/win32-arm64": ["@esbuild/win32-arm64@0.27.2", "", { "os": "win32", "cpu": "arm64" }, "sha512-Yaf78O/B3Kkh+nKABUF++bvJv5Ijoy9AN1ww904rOXZFLWVc5OLOfL56W+C8F9xn5JQZa3UX6m+IktJnIb1Jjg=="],

    "@esbuild/win32-ia32": ["@esbuild/win32-ia32@0.27.2", "", { "os": "win32", "cpu": "ia32" }, "sha512-Iuws0kxo4yusk7sw70Xa2E2imZU5HoixzxfGCdxwBdhiDgt9vX9VUCBhqcwY7/uh//78A1hMkkROMJq9l27oLQ=="],

    "@esbuild/win32-x64": ["@esbuild/win32-x64@0.27.2", "", { "os": "win32", "cpu": "x64" }, "sha512-sRdU18mcKf7F+YgheI/zGf5alZatMUTKj/jNS6l744f9u3WFu4v7twcUI9vu4mknF4Y9aDlblIie0IM+5xxaqQ=="],

    "@jsonresume/core": ["@jsonresume/core@0.1.0", "", { "dependencies": { "styled-components": "^6.1.19" }, "peerDependencies": { "react": "^18.0.0 || ^19.0.0", "react-dom": "^18.0.0 || ^19.0.0" } }, "sha512-DgSv1KfMyxF4FQCbVkl416zC2QPh38vvNAhoAIm4/Cm7IpbwA8v0ZKrboS4MeOi1XGYaJF9v/cgIew/46HgnkQ=="],

    "@types/js-yaml": ["@types/js-yaml@4.0.9", "", {}, "sha512-k4MGaQl5TGo/iipqb2UDG2UwjXziSWkh0uysQelTlJpX1qGlpUZYm8PnO4DxG1qBomtJUdYJ6qR6xdIah10JLg=="],

    "@types/marked": ["@types/marked@6.0.0", "", { "dependencies": { "marked": "*" } }, "sha512-jmjpa4BwUsmhxcfsgUit/7A9KbrC48Q0q8KvnY107ogcjGgTFDlIL3RpihNpx2Mu1hM4mdFQjoVc4O6JoGKHsA=="],

    "@types/node": ["@types/node@25.0.10", "", { "dependencies": { "undici-types": "~7.16.0" } }, "sha512-zWW5KPngR/yvakJgGOmZ5vTBemDoSqF3AcV/LrO5u5wTWyEAVVh+IT39G4gtyAkh3CtTZs8aX/yRM82OfzHJRg=="],

    "@types/stylis": ["@types/stylis@4.2.7", "", {}, "sha512-VgDNokpBoKF+wrdvhAAfS55OMQpL6QRglwTwNC3kIgBrzZxA4WsFj+2eLfEA/uMUDzBcEhYmjSbwQakn/i3ajA=="],

    "argparse": ["argparse@2.0.1", "", {}, "sha512-8+9WqebbFzpX9OR+Wa6O29asIogeRMzcGtAINdpMHHyAg10f05aSFVBbcEqGf/PXw1EjAZ+q2/bEBg3DvurK3Q=="],

    "camelize": ["camelize@1.0.1", "", {}, "sha512-dU+Tx2fsypxTgtLoE36npi3UqcjSSMNYfkqgmoEhtZrraP5VWq0K7FkWVTYa8eMPtnU/G2txVsfdCJTn9uzpuQ=="],

    "css-color-keywords": ["css-color-keywords@1.0.0", "", {}, "sha512-FyyrDHZKEjXDpNJYvVsV960FiqQyXc/LlYmsxl2BcdMb2WPx0OGRVgTg55rPSyLSNMqP52R9r8geSp7apN3Ofg=="],

    "css-to-react-native": ["css-to-react-native@3.2.0", "", { "dependencies": { "camelize": "^1.0.0", "css-color-keywords": "^1.0.0", "postcss-value-parser": "^4.0.2" } }, "sha512-e8RKaLXMOFii+02mOlqwjbD00KSEKqblnpO9e++1aXS1fPQOpS1YoqdVHBqPjHNoxeF2mimzVqawm2KCbEdtHQ=="],

    "csstype": ["csstype@3.2.3", "", {}, "sha512-z1HGKcYy2xA8AGQfwrn0PAy+PB7X/GSj3UVJW9qKyn43xWa+gl5nXmU4qqLMRzWVLFC8KusUX8T/0kCiOYpAIQ=="],

    "esbuild": ["esbuild@0.27.2", "", { "optionalDependencies": { "@esbuild/aix-ppc64": "0.27.2", "@esbuild/android-arm": "0.27.2", "@esbuild/android-arm64": "0.27.2", "@esbuild/android-x64": "0.27.2", "@esbuild/darwin-arm64": "0.27.2", "@esbuild/darwin-x64": "0.27.2", "@esbuild/freebsd-arm64": "0.27.2", "@esbuild/freebsd-x64": "0.27.2", "@esbuild/linux-arm": "0.27.2", "@esbuild/linux-arm64": "0.27.2", "@esbuild/linux-ia32": "0.27.2", "@esbuild/linux-loong64": "0.27.2", "@esbuild/linux-mips64el": "0.27.2", "@esbuild/linux-ppc64": "0.27.2", "@esbuild/linux-riscv64": "0.27.2", "@esbuild/linux-s390x": "0.27.2", "@esbuild/linux-x64": "0.27.2", "@esbuild/netbsd-arm64": "0.27.2", "@esbuild/netbsd-x64": "0.27.2", "@esbuild/openbsd-arm64": "0.27.2", "@esbuild/openbsd-x64": "0.27.2", "@esbuild/openharmony-arm64": "0.27.2", "@esbuild/sunos-x64": "0.27.2", "@esbuild/win32-arm64": "0.27.2", "@esbuild/win32-ia32": "0.27.2", "@esbuild/win32-x64": "0.27.2" }, "bin": { "esbuild": "bin/esbuild" } }, "sha512-HyNQImnsOC7X9PMNaCIeAm4ISCQXs5a5YasTXVliKv4uuBo1dKrG0A+uQS8M5eXjVMnLg3WgXaKvprHlFJQffw=="],

    "fsevents": ["fsevents@2.3.2", "", { "os": "darwin" }, "sha512-xiqMQR4xAeHTuB9uWm+fFRcIOgKBMiOBP+eXiyT7jsgVCq1bkVygt00oASowB7EdtpOHaaPgKt812P9ab+DDKA=="],

    "get-tsconfig": ["get-tsconfig@4.13.0", "", { "dependencies": { "resolve-pkg-maps": "^1.0.0" } }, "sha512-1VKTZJCwBrvbd+Wn3AOgQP/2Av+TfTCOlE4AcRJE72W1ksZXbAx8PPBR9RzgTeSPzlPMHrbANMH3LbltH73wxQ=="],

    "js-tokens": ["js-tokens@4.0.0", "", {}, "sha512-RdJUflcE3cUzKiMqQgsCu06FPu9UdIJO0beYbPhHN4k6apgJtifcoCtT9bcxOpYBtpD2kCM6Sbzg4CausW/PKQ=="],

    "js-yaml": ["js-yaml@4.1.1", "", { "dependencies": { "argparse": "^2.0.1" }, "bin": { "js-yaml": "bin/js-yaml.js" } }, "sha512-qQKT4zQxXl8lLwBtHMWwaTcGfFOZviOJet3Oy/xmGk2gZH677CJM9EvtfdSkgWcATZhj/55JZ0rmy3myCT5lsA=="],

    "loose-envify": ["loose-envify@1.4.0", "", { "dependencies": { "js-tokens": "^3.0.0 || ^4.0.0" }, "bin": { "loose-envify": "cli.js" } }, "sha512-lyuxPGr/Wfhrlem2CL/UcnUc1zcqKAImBDzukY7Y5F/yQiNdko6+fRLevlw1HgMySw7f611UIY408EtxRSoK3Q=="],

    "marked": ["marked@17.0.1", "", { "bin": { "marked": "bin/marked.js" } }, "sha512-boeBdiS0ghpWcSwoNm/jJBwdpFaMnZWRzjA6SkUMYb40SVaN1x7mmfGKp0jvexGcx+7y2La5zRZsYFZI6Qpypg=="],

    "nanoid": ["nanoid@3.3.11", "", { "bin": { "nanoid": "bin/nanoid.cjs" } }, "sha512-N8SpfPUnUp1bK+PMYW8qSWdl9U+wwNWI4QKxOYDy9JAro3WMX7p2OeVRF9v+347pnakNevPmiHhNmZ2HbFA76w=="],

    "picocolors": ["picocolors@1.1.1", "", {}, "sha512-xceH2snhtb5M9liqDsmEw56le376mTZkEX/jEb/RxNFyegNul7eNslCXP9FDj/Lcu0X8KEyMceP2ntpaHrDEVA=="],

    "playwright": ["playwright@1.57.0", "", { "dependencies": { "playwright-core": "1.57.0" }, "optionalDependencies": { "fsevents": "2.3.2" }, "bin": { "playwright": "cli.js" } }, "sha512-ilYQj1s8sr2ppEJ2YVadYBN0Mb3mdo9J0wQ+UuDhzYqURwSoW4n1Xs5vs7ORwgDGmyEh33tRMeS8KhdkMoLXQw=="],

    "playwright-core": ["playwright-core@1.57.0", "", { "bin": { "playwright-core": "cli.js" } }, "sha512-agTcKlMw/mjBWOnD6kFZttAAGHgi/Nw0CZ2o6JqWSbMlI219lAFLZZCyqByTsvVAJq5XA5H8cA6PrvBRpBWEuQ=="],

    "postcss": ["postcss@8.4.49", "", { "dependencies": { "nanoid": "^3.3.7", "picocolors": "^1.1.1", "source-map-js": "^1.2.1" } }, "sha512-OCVPnIObs4N29kxTjzLfUryOkvZEq+pf8jTF0lg8E7uETuWHA+v7j3c/xJmiqpX450191LlmZfUKkXxkTry7nA=="],

    "postcss-value-parser": ["postcss-value-parser@4.2.0", "", {}, "sha512-1NNCs6uurfkVbeXG4S8JFT9t19m45ICnif8zWLd5oPSZ50QnwMfK+H3jv408d4jw/7Bttv5axS5IiHoLaVNHeQ=="],

    "react": ["react@18.3.1", "", { "dependencies": { "loose-envify": "^1.1.0" } }, "sha512-wS+hAgJShR0KhEvPJArfuPVN1+Hz1t0Y6n5jLrGQbkb4urgPE/0Rve+1kMB1v/oWgHgm4WIcV+i7F2pTVj+2iQ=="],

    "react-dom": ["react-dom@18.3.1", "", { "dependencies": { "loose-envify": "^1.1.0", "scheduler": "^0.23.2" }, "peerDependencies": { "react": "^18.3.1" } }, "sha512-5m4nQKp+rZRb09LNH59GM4BxTh9251/ylbKIbpe7TpGxfJ+9kv6BLkLBXIjjspbgbnIBNqlI23tRnTWT0snUIw=="],

    "resolve-pkg-maps": ["resolve-pkg-maps@1.0.0", "", {}, "sha512-seS2Tj26TBVOC2NIc2rOe2y2ZO7efxITtLZcGSOnHHNOQ7CkiUBfw0Iw2ck6xkIhPwLhKNLS8BO+hEpngQlqzw=="],

    "scheduler": ["scheduler@0.23.2", "", { "dependencies": { "loose-envify": "^1.1.0" } }, "sha512-UOShsPwz7NrMUqhR6t0hWjFduvOzbtv7toDH1/hIrfRNIDBnnBWd0CwJTGvTpngVlmwGCdP9/Zl/tVrDqcuYzQ=="],

    "shallowequal": ["shallowequal@1.1.0", "", {}, "sha512-y0m1JoUZSlPAjXVtPPW70aZWfIL/dSP7AFkRnniLCrK/8MDKog3TySTBmckD+RObVxH0v4Tox67+F14PdED2oQ=="],

    "source-map-js": ["source-map-js@1.2.1", "", {}, "sha512-UXWMKhLOwVKb728IUtQPXxfYU+usdybtUrK/8uGE8CQMvrhOpwvzDBwj0QhSL7MQc7vIsISBG8VQ8+IDQxpfQA=="],

    "styled-components": ["styled-components@6.3.8", "", { "dependencies": { "@emotion/is-prop-valid": "1.4.0", "@emotion/unitless": "0.10.0", "@types/stylis": "4.2.7", "css-to-react-native": "3.2.0", "csstype": "3.2.3", "postcss": "8.4.49", "shallowequal": "1.1.0", "stylis": "4.3.6", "tslib": "2.8.1" }, "peerDependencies": { "react": ">= 16.8.0", "react-dom": ">= 16.8.0" }, "optionalPeers": ["react-dom"] }, "sha512-Kq/W41AKQloOqKM39zfaMdJ4BcYDw/N5CIq4/GTI0YjU6pKcZ1KKhk6b4du0a+6RA9pIfOP/eu94Ge7cu+PDCA=="],

    "stylis": ["stylis@4.3.6", "", {}, "sha512-yQ3rwFWRfwNUY7H5vpU0wfdkNSnvnJinhF9830Swlaxl03zsOjCfmX0ugac+3LtK0lYSgwL/KXc8oYL3mG4YFQ=="],

    "tslib": ["tslib@2.8.1", "", {}, "sha512-oJFu94HQb+KVduSUQL7wnpmqnfmLsOA/nAh6b6EH0wCEoK0/mPeXU6c3wKDV83MkOuHPRHtSXKKU99IBazS/2w=="],

    "tsx": ["tsx@4.21.0", "", { "dependencies": { "esbuild": "~0.27.0", "get-tsconfig": "^4.7.5" }, "optionalDependencies": { "fsevents": "~2.3.3" }, "bin": { "tsx": "dist/cli.mjs" } }, "sha512-5C1sg4USs1lfG0GFb2RLXsdpXqBSEhAaA/0kPL01wxzpMqLILNxIxIOKiILz+cdg/pLnOUxFYOR5yhHU666wbw=="],

    "undici-types": ["undici-types@7.16.0", "", {}, "sha512-Zz+aZWSj8LE6zoxD+xrjh4VfkIG8Ya6LvYkZqtUQGJPZjYl53ypCaUwWqo7eI0x66KBGeRo+mlBEkMSeSZ38Nw=="],

    "tsx/fsevents": ["fsevents@2.3.3", "", { "os": "darwin" }, "sha512-5xoDfX+fL7faATnagmWPpbFtwh/R77WmMMqqHGS65C3vvB0YHrgF+B1YmZ3441tMj5n63k0212XNoJwzlhffQw=="],
  }
}
